
Microsoft Visual Studio Solution File, Format Version 12.00
# Visual Studio Version 17
VisualStudioVersion = 17.6.33829.357
MinimumVisualStudioVersion = 10.0.40219.1
Project("{9A19103F-16F7-4668-BE54-9A1E7A4F7556}") = "JobOnlineAPI", "JobOnlineAPI.csproj", "{B92D4DC1-DC81-4594-AE70-283B54FC355C}"
EndProject
Global
	GlobalSection(SolutionConfigurationPlatforms) = preSolution
		Debug|Any CPU = Debug|Any CPU
		Release|Any CPU = Release|Any CPU
	EndGlobalSection
	GlobalSection(ProjectConfigurationPlatforms) = postSolution
		{B92D4DC1-DC81-4594-AE70-283B54FC355C}.Debug|Any CPU.ActiveCfg = Debug|Any CPU
		{B92D4DC1-DC81-4594-AE70-283B54FC355C}.Debug|Any CPU.Build.0 = Debug|Any CPU
		{B92D4DC1-DC81-4594-AE70-283B54FC355C}.Release|Any CPU.ActiveCfg = Release|Any CPU
		{B92D4DC1-DC81-4594-AE70-283B54FC355C}.Release|Any CPU.Build.0 = Release|Any CPU
	EndGlobalSection
	GlobalSection(SolutionProperties) = preSolution
		HideSolutionNode = FALSE
	EndGlobalSection
	GlobalSection(ExtensibilityGlobals) = postSolution
		SolutionGuid = {DA77CC69-1749-43CF-BC6F-ABBD4637867C}
	EndGlobalSection
EndGlobal
